
Microsoft Visual Studio Solution File, Format Version 12.00
# Visual Studio 2013
VisualStudioVersion = 12.0.31101.0
MinimumVisualStudioVersion = 10.0.40219.1
Project("{FAE04EC0-301F-11D3-BF4B-00C04F79EFBC}") = "Tambon", "Tambon.csproj", "{25D7637F-1F4B-4E7D-8B63-E45E9146B8B8}"
EndProject
Project("{FAE04EC0-301F-11D3-BF4B-00C04F79EFBC}") = "AHGeo", "AHGeo\AHGeo.csproj", "{701BEA66-8220-4F60-9A8D-11AAA4E20974}"
EndProject
Project("{FAE04EC0-301F-11D3-BF4B-00C04F79EFBC}") = "AHGeo_Test", "TestTambon\AHGeo_Test.csproj", "{3D28ACAA-6B43-4963-82DE-2E0F3383B38B}"
EndProject
Project("{FAE04EC0-301F-11D3-BF4B-00C04F79EFBC}") = "AHTambon", "AHTambon\AHTambon.csproj", "{2B678FFA-AD71-4D31-873E-20C82729BD4A}"
EndProject
Project("{FAE04EC0-301F-11D3-BF4B-00C04F79EFBC}") = "AHTambonData", "AHTambonData\AHTambonData.csproj", "{DDFE165D-3C88-4839-BBC7-C80F08A92041}"
EndProject
Project("{FAE04EC0-301F-11D3-BF4B-00C04F79EFBC}") = "DataModel", "DataModel\DataModel.csproj", "{78DE2612-EAD2-4623-9370-09E567CD3DF4}"
EndProject
Project("{FAE04EC0-301F-11D3-BF4B-00C04F79EFBC}") = "GeoTool", "GeoTool\GeoTool.csproj", "{85C85883-9BA3-4D69-B385-474EFA260DD8}"
EndProject
Project("{FAE04EC0-301F-11D3-BF4B-00C04F79EFBC}") = "TambonMain", "TambonMain\TambonMain.csproj", "{7C749987-D0C8-4A22-9BAF-B13628863783}"
EndProject
Project("{FAE04EC0-301F-11D3-BF4B-00C04F79EFBC}") = "TambonHelpers", "TambonHelpers\TambonHelpers.csproj", "{6CBA0539-37E6-42F9-BCB3-50D81EDCBEDD}"
EndProject
Project("{2150E333-8FDC-42A3-9474-1A3956D46DE8}") = "Solution Items", "Solution Items", "{C370D52A-3790-4AA2-A87E-FE3582F6A278}"
	ProjectSection(SolutionItems) = preProject
		CustomDictionary.xml = CustomDictionary.xml
	EndProjectSection
EndProject
Project("{FAE04EC0-301F-11D3-BF4B-00C04F79EFBC}") = "TambonUI", "TambonUI\TambonUI.csproj", "{541C1E29-718C-452C-8EA3-220092D0E251}"
EndProject
Project("{2150E333-8FDC-42A3-9474-1A3956D46DE8}") = "Lib", "Lib", "{51EF1AE9-F7A6-4560-8F94-A0129914C067}"
	ProjectSection(SolutionItems) = preProject
		libs\MinimalJson.dll = libs\MinimalJson.dll
		libs\Wikibase.dll = libs\Wikibase.dll
	EndProjectSection
EndProject
Global
	GlobalSection(SolutionConfigurationPlatforms) = preSolution
		Debug|Any CPU = Debug|Any CPU
		Debug|Mixed Platforms = Debug|Mixed Platforms
		Debug|x64 = Debug|x64
		Debug|x86 = Debug|x86
		Release|Any CPU = Release|Any CPU
		Release|Mixed Platforms = Release|Mixed Platforms
		Release|x64 = Release|x64
		Release|x86 = Release|x86
	EndGlobalSection
	GlobalSection(ProjectConfigurationPlatforms) = postSolution
		{25D7637F-1F4B-4E7D-8B63-E45E9146B8B8}.Debug|Any CPU.ActiveCfg = Debug|Any CPU
		{25D7637F-1F4B-4E7D-8B63-E45E9146B8B8}.Debug|Any CPU.Build.0 = Debug|Any CPU
		{25D7637F-1F4B-4E7D-8B63-E45E9146B8B8}.Debug|Mixed Platforms.ActiveCfg = Debug|x86
		{25D7637F-1F4B-4E7D-8B63-E45E9146B8B8}.Debug|Mixed Platforms.Build.0 = Debug|x86
		{25D7637F-1F4B-4E7D-8B63-E45E9146B8B8}.Debug|x64.ActiveCfg = Debug|Any CPU
		{25D7637F-1F4B-4E7D-8B63-E45E9146B8B8}.Debug|x64.Build.0 = Debug|Any CPU
		{25D7637F-1F4B-4E7D-8B63-E45E9146B8B8}.Debug|x86.ActiveCfg = Debug|x86
		{25D7637F-1F4B-4E7D-8B63-E45E9146B8B8}.Debug|x86.Build.0 = Debug|x86
		{25D7637F-1F4B-4E7D-8B63-E45E9146B8B8}.Release|Any CPU.ActiveCfg = Release|Any CPU
		{25D7637F-1F4B-4E7D-8B63-E45E9146B8B8}.Release|Any CPU.Build.0 = Release|Any CPU
		{25D7637F-1F4B-4E7D-8B63-E45E9146B8B8}.Release|Mixed Platforms.ActiveCfg = Release|x86
		{25D7637F-1F4B-4E7D-8B63-E45E9146B8B8}.Release|Mixed Platforms.Build.0 = Release|x86
		{25D7637F-1F4B-4E7D-8B63-E45E9146B8B8}.Release|x64.ActiveCfg = Release|Any CPU
		{25D7637F-1F4B-4E7D-8B63-E45E9146B8B8}.Release|x86.ActiveCfg = Release|x86
		{25D7637F-1F4B-4E7D-8B63-E45E9146B8B8}.Release|x86.Build.0 = Release|x86
		{701BEA66-8220-4F60-9A8D-11AAA4E20974}.Debug|Any CPU.ActiveCfg = Debug|Any CPU
		{701BEA66-8220-4F60-9A8D-11AAA4E20974}.Debug|Any CPU.Build.0 = Debug|Any CPU
		{701BEA66-8220-4F60-9A8D-11AAA4E20974}.Debug|Mixed Platforms.ActiveCfg = Debug|Any CPU
		{701BEA66-8220-4F60-9A8D-11AAA4E20974}.Debug|Mixed Platforms.Build.0 = Debug|Any CPU
		{701BEA66-8220-4F60-9A8D-11AAA4E20974}.Debug|x64.ActiveCfg = Debug|Any CPU
		{701BEA66-8220-4F60-9A8D-11AAA4E20974}.Debug|x64.Build.0 = Debug|Any CPU
		{701BEA66-8220-4F60-9A8D-11AAA4E20974}.Debug|x86.ActiveCfg = Debug|Any CPU
		{701BEA66-8220-4F60-9A8D-11AAA4E20974}.Release|Any CPU.ActiveCfg = Release|Any CPU
		{701BEA66-8220-4F60-9A8D-11AAA4E20974}.Release|Any CPU.Build.0 = Release|Any CPU
		{701BEA66-8220-4F60-9A8D-11AAA4E20974}.Release|Mixed Platforms.ActiveCfg = Release|Any CPU
		{701BEA66-8220-4F60-9A8D-11AAA4E20974}.Release|Mixed Platforms.Build.0 = Release|Any CPU
		{701BEA66-8220-4F60-9A8D-11AAA4E20974}.Release|x64.ActiveCfg = Release|Any CPU
		{701BEA66-8220-4F60-9A8D-11AAA4E20974}.Release|x86.ActiveCfg = Release|Any CPU
		{3D28ACAA-6B43-4963-82DE-2E0F3383B38B}.Debug|Any CPU.ActiveCfg = Debug|Any CPU
		{3D28ACAA-6B43-4963-82DE-2E0F3383B38B}.Debug|Any CPU.Build.0 = Debug|Any CPU
		{3D28ACAA-6B43-4963-82DE-2E0F3383B38B}.Debug|Mixed Platforms.ActiveCfg = Debug|x86
		{3D28ACAA-6B43-4963-82DE-2E0F3383B38B}.Debug|Mixed Platforms.Build.0 = Debug|x86
		{3D28ACAA-6B43-4963-82DE-2E0F3383B38B}.Debug|x64.ActiveCfg = Debug|Any CPU
		{3D28ACAA-6B43-4963-82DE-2E0F3383B38B}.Debug|x64.Build.0 = Debug|Any CPU
		{3D28ACAA-6B43-4963-82DE-2E0F3383B38B}.Debug|x86.ActiveCfg = Debug|x86
		{3D28ACAA-6B43-4963-82DE-2E0F3383B38B}.Debug|x86.Build.0 = Debug|x86
		{3D28ACAA-6B43-4963-82DE-2E0F3383B38B}.Release|Any CPU.ActiveCfg = Release|Any CPU
		{3D28ACAA-6B43-4963-82DE-2E0F3383B38B}.Release|Any CPU.Build.0 = Release|Any CPU
		{3D28ACAA-6B43-4963-82DE-2E0F3383B38B}.Release|Mixed Platforms.ActiveCfg = Release|x86
		{3D28ACAA-6B43-4963-82DE-2E0F3383B38B}.Release|Mixed Platforms.Build.0 = Release|x86
		{3D28ACAA-6B43-4963-82DE-2E0F3383B38B}.Release|x64.ActiveCfg = Release|Any CPU
		{3D28ACAA-6B43-4963-82DE-2E0F3383B38B}.Release|x86.ActiveCfg = Release|x86
		{3D28ACAA-6B43-4963-82DE-2E0F3383B38B}.Release|x86.Build.0 = Release|x86
		{2B678FFA-AD71-4D31-873E-20C82729BD4A}.Debug|Any CPU.ActiveCfg = Debug|Any CPU
		{2B678FFA-AD71-4D31-873E-20C82729BD4A}.Debug|Any CPU.Build.0 = Debug|Any CPU
		{2B678FFA-AD71-4D31-873E-20C82729BD4A}.Debug|Mixed Platforms.ActiveCfg = Debug|x86
		{2B678FFA-AD71-4D31-873E-20C82729BD4A}.Debug|Mixed Platforms.Build.0 = Debug|x86
		{2B678FFA-AD71-4D31-873E-20C82729BD4A}.Debug|x64.ActiveCfg = Debug|Any CPU
		{2B678FFA-AD71-4D31-873E-20C82729BD4A}.Debug|x64.Build.0 = Debug|Any CPU
		{2B678FFA-AD71-4D31-873E-20C82729BD4A}.Debug|x86.ActiveCfg = Debug|x86
		{2B678FFA-AD71-4D31-873E-20C82729BD4A}.Debug|x86.Build.0 = Debug|x86
		{2B678FFA-AD71-4D31-873E-20C82729BD4A}.Release|Any CPU.ActiveCfg = Release|Any CPU
		{2B678FFA-AD71-4D31-873E-20C82729BD4A}.Release|Any CPU.Build.0 = Release|Any CPU
		{2B678FFA-AD71-4D31-873E-20C82729BD4A}.Release|Mixed Platforms.ActiveCfg = Release|x86
		{2B678FFA-AD71-4D31-873E-20C82729BD4A}.Release|Mixed Platforms.Build.0 = Release|x86
		{2B678FFA-AD71-4D31-873E-20C82729BD4A}.Release|x64.ActiveCfg = Release|Any CPU
		{2B678FFA-AD71-4D31-873E-20C82729BD4A}.Release|x86.ActiveCfg = Release|x86
		{2B678FFA-AD71-4D31-873E-20C82729BD4A}.Release|x86.Build.0 = Release|x86
		{DDFE165D-3C88-4839-BBC7-C80F08A92041}.Debug|Any CPU.ActiveCfg = Debug|Any CPU
		{DDFE165D-3C88-4839-BBC7-C80F08A92041}.Debug|Any CPU.Build.0 = Debug|Any CPU
		{DDFE165D-3C88-4839-BBC7-C80F08A92041}.Debug|Mixed Platforms.ActiveCfg = Debug|x86
		{DDFE165D-3C88-4839-BBC7-C80F08A92041}.Debug|Mixed Platforms.Build.0 = Debug|x86
		{DDFE165D-3C88-4839-BBC7-C80F08A92041}.Debug|x64.ActiveCfg = Debug|Any CPU
		{DDFE165D-3C88-4839-BBC7-C80F08A92041}.Debug|x64.Build.0 = Debug|Any CPU
		{DDFE165D-3C88-4839-BBC7-C80F08A92041}.Debug|x86.ActiveCfg = Debug|x86
		{DDFE165D-3C88-4839-BBC7-C80F08A92041}.Debug|x86.Build.0 = Debug|x86
		{DDFE165D-3C88-4839-BBC7-C80F08A92041}.Release|Any CPU.ActiveCfg = Release|Any CPU
		{DDFE165D-3C88-4839-BBC7-C80F08A92041}.Release|Any CPU.Build.0 = Release|Any CPU
		{DDFE165D-3C88-4839-BBC7-C80F08A92041}.Release|Mixed Platforms.ActiveCfg = Release|x86
		{DDFE165D-3C88-4839-BBC7-C80F08A92041}.Release|Mixed Platforms.Build.0 = Release|x86
		{DDFE165D-3C88-4839-BBC7-C80F08A92041}.Release|x64.ActiveCfg = Release|Any CPU
		{DDFE165D-3C88-4839-BBC7-C80F08A92041}.Release|x86.ActiveCfg = Release|x86
		{DDFE165D-3C88-4839-BBC7-C80F08A92041}.Release|x86.Build.0 = Release|x86
		{78DE2612-EAD2-4623-9370-09E567CD3DF4}.Debug|Any CPU.ActiveCfg = Debug|Any CPU
		{78DE2612-EAD2-4623-9370-09E567CD3DF4}.Debug|Any CPU.Build.0 = Debug|Any CPU
		{78DE2612-EAD2-4623-9370-09E567CD3DF4}.Debug|Mixed Platforms.ActiveCfg = Debug|x86
		{78DE2612-EAD2-4623-9370-09E567CD3DF4}.Debug|Mixed Platforms.Build.0 = Debug|x86
		{78DE2612-EAD2-4623-9370-09E567CD3DF4}.Debug|x64.ActiveCfg = Debug|Any CPU
		{78DE2612-EAD2-4623-9370-09E567CD3DF4}.Debug|x64.Build.0 = Debug|Any CPU
		{78DE2612-EAD2-4623-9370-09E567CD3DF4}.Debug|x86.ActiveCfg = Debug|x86
		{78DE2612-EAD2-4623-9370-09E567CD3DF4}.Debug|x86.Build.0 = Debug|x86
		{78DE2612-EAD2-4623-9370-09E567CD3DF4}.Release|Any CPU.ActiveCfg = Release|Any CPU
		{78DE2612-EAD2-4623-9370-09E567CD3DF4}.Release|Any CPU.Build.0 = Release|Any CPU
		{78DE2612-EAD2-4623-9370-09E567CD3DF4}.Release|Mixed Platforms.ActiveCfg = Release|x86
		{78DE2612-EAD2-4623-9370-09E567CD3DF4}.Release|Mixed Platforms.Build.0 = Release|x86
		{78DE2612-EAD2-4623-9370-09E567CD3DF4}.Release|x64.ActiveCfg = Release|x64
		{78DE2612-EAD2-4623-9370-09E567CD3DF4}.Release|x64.Build.0 = Release|x64
		{78DE2612-EAD2-4623-9370-09E567CD3DF4}.Release|x86.ActiveCfg = Release|x86
		{78DE2612-EAD2-4623-9370-09E567CD3DF4}.Release|x86.Build.0 = Release|x86
		{85C85883-9BA3-4D69-B385-474EFA260DD8}.Debug|Any CPU.ActiveCfg = Debug|Any CPU
		{85C85883-9BA3-4D69-B385-474EFA260DD8}.Debug|Any CPU.Build.0 = Debug|Any CPU
		{85C85883-9BA3-4D69-B385-474EFA260DD8}.Debug|Mixed Platforms.ActiveCfg = Debug|x86
		{85C85883-9BA3-4D69-B385-474EFA260DD8}.Debug|Mixed Platforms.Build.0 = Debug|x86
		{85C85883-9BA3-4D69-B385-474EFA260DD8}.Debug|x64.ActiveCfg = Debug|Any CPU
		{85C85883-9BA3-4D69-B385-474EFA260DD8}.Debug|x64.Build.0 = Debug|Any CPU
		{85C85883-9BA3-4D69-B385-474EFA260DD8}.Debug|x86.ActiveCfg = Debug|x86
		{85C85883-9BA3-4D69-B385-474EFA260DD8}.Debug|x86.Build.0 = Debug|x86
		{85C85883-9BA3-4D69-B385-474EFA260DD8}.Release|Any CPU.ActiveCfg = Release|x86
		{85C85883-9BA3-4D69-B385-474EFA260DD8}.Release|Mixed Platforms.ActiveCfg = Release|x86
		{85C85883-9BA3-4D69-B385-474EFA260DD8}.Release|Mixed Platforms.Build.0 = Release|x86
		{85C85883-9BA3-4D69-B385-474EFA260DD8}.Release|x64.ActiveCfg = Release|x86
		{85C85883-9BA3-4D69-B385-474EFA260DD8}.Release|x86.ActiveCfg = Release|x86
		{85C85883-9BA3-4D69-B385-474EFA260DD8}.Release|x86.Build.0 = Release|x86
		{7C749987-D0C8-4A22-9BAF-B13628863783}.Debug|Any CPU.ActiveCfg = Debug|Any CPU
		{7C749987-D0C8-4A22-9BAF-B13628863783}.Debug|Any CPU.Build.0 = Debug|Any CPU
		{7C749987-D0C8-4A22-9BAF-B13628863783}.Debug|Mixed Platforms.ActiveCfg = Debug|Any CPU
		{7C749987-D0C8-4A22-9BAF-B13628863783}.Debug|Mixed Platforms.Build.0 = Debug|Any CPU
		{7C749987-D0C8-4A22-9BAF-B13628863783}.Debug|x64.ActiveCfg = Debug|Any CPU
		{7C749987-D0C8-4A22-9BAF-B13628863783}.Debug|x86.ActiveCfg = Debug|Any CPU
		{7C749987-D0C8-4A22-9BAF-B13628863783}.Release|Any CPU.ActiveCfg = Release|Any CPU
		{7C749987-D0C8-4A22-9BAF-B13628863783}.Release|Any CPU.Build.0 = Release|Any CPU
		{7C749987-D0C8-4A22-9BAF-B13628863783}.Release|Mixed Platforms.ActiveCfg = Release|Any CPU
		{7C749987-D0C8-4A22-9BAF-B13628863783}.Release|Mixed Platforms.Build.0 = Release|Any CPU
		{7C749987-D0C8-4A22-9BAF-B13628863783}.Release|x64.ActiveCfg = Release|Any CPU
		{7C749987-D0C8-4A22-9BAF-B13628863783}.Release|x86.ActiveCfg = Release|Any CPU
		{6CBA0539-37E6-42F9-BCB3-50D81EDCBEDD}.Debug|Any CPU.ActiveCfg = Debug|Any CPU
		{6CBA0539-37E6-42F9-BCB3-50D81EDCBEDD}.Debug|Any CPU.Build.0 = Debug|Any CPU
		{6CBA0539-37E6-42F9-BCB3-50D81EDCBEDD}.Debug|Mixed Platforms.ActiveCfg = Debug|Any CPU
		{6CBA0539-37E6-42F9-BCB3-50D81EDCBEDD}.Debug|Mixed Platforms.Build.0 = Debug|Any CPU
		{6CBA0539-37E6-42F9-BCB3-50D81EDCBEDD}.Debug|x64.ActiveCfg = Debug|Any CPU
		{6CBA0539-37E6-42F9-BCB3-50D81EDCBEDD}.Debug|x86.ActiveCfg = Debug|Any CPU
		{6CBA0539-37E6-42F9-BCB3-50D81EDCBEDD}.Release|Any CPU.ActiveCfg = Release|Any CPU
		{6CBA0539-37E6-42F9-BCB3-50D81EDCBEDD}.Release|Any CPU.Build.0 = Release|Any CPU
		{6CBA0539-37E6-42F9-BCB3-50D81EDCBEDD}.Release|Mixed Platforms.ActiveCfg = Release|Any CPU
		{6CBA0539-37E6-42F9-BCB3-50D81EDCBEDD}.Release|Mixed Platforms.Build.0 = Release|Any CPU
		{6CBA0539-37E6-42F9-BCB3-50D81EDCBEDD}.Release|x64.ActiveCfg = Release|Any CPU
		{6CBA0539-37E6-42F9-BCB3-50D81EDCBEDD}.Release|x86.ActiveCfg = Release|Any CPU
		{541C1E29-718C-452C-8EA3-220092D0E251}.Debug|Any CPU.ActiveCfg = Debug|Any CPU
		{541C1E29-718C-452C-8EA3-220092D0E251}.Debug|Any CPU.Build.0 = Debug|Any CPU
		{541C1E29-718C-452C-8EA3-220092D0E251}.Debug|Mixed Platforms.ActiveCfg = Debug|Any CPU
		{541C1E29-718C-452C-8EA3-220092D0E251}.Debug|Mixed Platforms.Build.0 = Debug|Any CPU
		{541C1E29-718C-452C-8EA3-220092D0E251}.Debug|x64.ActiveCfg = Debug|Any CPU
		{541C1E29-718C-452C-8EA3-220092D0E251}.Debug|x86.ActiveCfg = Debug|Any CPU
		{541C1E29-718C-452C-8EA3-220092D0E251}.Release|Any CPU.ActiveCfg = Release|Any CPU
		{541C1E29-718C-452C-8EA3-220092D0E251}.Release|Any CPU.Build.0 = Release|Any CPU
		{541C1E29-718C-452C-8EA3-220092D0E251}.Release|Mixed Platforms.ActiveCfg = Release|Any CPU
		{541C1E29-718C-452C-8EA3-220092D0E251}.Release|Mixed Platforms.Build.0 = Release|Any CPU
		{541C1E29-718C-452C-8EA3-220092D0E251}.Release|x64.ActiveCfg = Release|Any CPU
		{541C1E29-718C-452C-8EA3-220092D0E251}.Release|x86.ActiveCfg = Release|Any CPU
	EndGlobalSection
	GlobalSection(SolutionProperties) = preSolution
		HideSolutionNode = FALSE
	EndGlobalSection
	GlobalSection(NestedProjects) = preSolution
		{51EF1AE9-F7A6-4560-8F94-A0129914C067} = {C370D52A-3790-4AA2-A87E-FE3582F6A278}
	EndGlobalSection
EndGlobal
